
Microsoft Visual Studio Solution File, Format Version 12.00
# Visual Studio Version 17
VisualStudioVersion = 17.11.35208.52
MinimumVisualStudioVersion = 10.0.40219.1
Project("{9A19103F-16F7-4668-BE54-9A1E7A4F7556}") = "Baubit.xUnit", "Baubit.xUnit\Baubit.xUnit.csproj", "{340922DF-635A-4A64-86FD-8C2D028420D1}"
EndProject
Project("{9A19103F-16F7-4668-BE54-9A1E7A4F7556}") = "Baubit.xUnit.Test", "Baubit.xUnit.Test\Baubit.xUnit.Test.csproj", "{17AA95C7-2264-4E85-A77F-AFD569C48CF5}"
EndProject
Project("{FAE04EC0-301F-11D3-BF4B-00C04F79EFBC}") = "MyLib", "Samples\MyLib\MyLib.csproj", "{863E1779-8BC7-4587-855C-001B423A4B2A}"
EndProject
Project("{FAE04EC0-301F-11D3-BF4B-00C04F79EFBC}") = "MyLib.Test", "Samples\MyLib.Test\MyLib.Test.csproj", "{D069CE25-6261-4C7E-A1D2-AC0DA9CFA27A}"
EndProject
Global
	GlobalSection(SolutionConfigurationPlatforms) = preSolution
		Debug|Any CPU = Debug|Any CPU
		Release|Any CPU = Release|Any CPU
	EndGlobalSection
	GlobalSection(ProjectConfigurationPlatforms) = postSolution
		{340922DF-635A-4A64-86FD-8C2D028420D1}.Debug|Any CPU.ActiveCfg = Debug|Any CPU
		{340922DF-635A-4A64-86FD-8C2D028420D1}.Debug|Any CPU.Build.0 = Debug|Any CPU
		{340922DF-635A-4A64-86FD-8C2D028420D1}.Release|Any CPU.ActiveCfg = Release|Any CPU
		{340922DF-635A-4A64-86FD-8C2D028420D1}.Release|Any CPU.Build.0 = Release|Any CPU
		{17AA95C7-2264-4E85-A77F-AFD569C48CF5}.Debug|Any CPU.ActiveCfg = Debug|Any CPU
		{17AA95C7-2264-4E85-A77F-AFD569C48CF5}.Debug|Any CPU.Build.0 = Debug|Any CPU
		{17AA95C7-2264-4E85-A77F-AFD569C48CF5}.Release|Any CPU.ActiveCfg = Release|Any CPU
		{17AA95C7-2264-4E85-A77F-AFD569C48CF5}.Release|Any CPU.Build.0 = Release|Any CPU
		{863E1779-8BC7-4587-855C-001B423A4B2A}.Debug|Any CPU.ActiveCfg = Debug|Any CPU
		{863E1779-8BC7-4587-855C-001B423A4B2A}.Debug|Any CPU.Build.0 = Debug|Any CPU
		{863E1779-8BC7-4587-855C-001B423A4B2A}.Release|Any CPU.ActiveCfg = Release|Any CPU
		{863E1779-8BC7-4587-855C-001B423A4B2A}.Release|Any CPU.Build.0 = Release|Any CPU
		{D069CE25-6261-4C7E-A1D2-AC0DA9CFA27A}.Debug|Any CPU.ActiveCfg = Debug|Any CPU
		{D069CE25-6261-4C7E-A1D2-AC0DA9CFA27A}.Debug|Any CPU.Build.0 = Debug|Any CPU
		{D069CE25-6261-4C7E-A1D2-AC0DA9CFA27A}.Release|Any CPU.ActiveCfg = Release|Any CPU
		{D069CE25-6261-4C7E-A1D2-AC0DA9CFA27A}.Release|Any CPU.Build.0 = Release|Any CPU
	EndGlobalSection
	GlobalSection(SolutionProperties) = preSolution
		HideSolutionNode = FALSE
	EndGlobalSection
	GlobalSection(ExtensibilityGlobals) = postSolution
		SolutionGuid = {DDD48A2F-EE68-449A-9784-9BA4EC8A3E0A}
	EndGlobalSection
EndGlobal
